
Microsoft Visual Studio Solution File, Format Version 12.00
# Visual Studio Version 17
VisualStudioVersion = 17.13.35919.96 d17.13
MinimumVisualStudioVersion = 10.0.40219.1
Project("{FAE04EC0-301F-11D3-BF4B-00C04F79EFBC}") = "stasik", "stasik\stasik.csproj", "{579D2F03-4B76-4BFC-9FE7-CBB03FDB27B4}"
EndProject
Project("{FAE04EC0-301F-11D3-BF4B-00C04F79EFBC}") = "st2", "st2\st2.csproj", "{AE863F1B-7F80-4142-9B46-DE836E3B9467}"
EndProject
Global
	GlobalSection(SolutionConfigurationPlatforms) = preSolution
		Debug|Any CPU = Debug|Any CPU
		Release|Any CPU = Release|Any CPU
	EndGlobalSection
	GlobalSection(ProjectConfigurationPlatforms) = postSolution
		{579D2F03-4B76-4BFC-9FE7-CBB03FDB27B4}.Debug|Any CPU.ActiveCfg = Debug|Any CPU
		{579D2F03-4B76-4BFC-9FE7-CBB03FDB27B4}.Debug|Any CPU.Build.0 = Debug|Any CPU
		{579D2F03-4B76-4BFC-9FE7-CBB03FDB27B4}.Release|Any CPU.ActiveCfg = Release|Any CPU
		{579D2F03-4B76-4BFC-9FE7-CBB03FDB27B4}.Release|Any CPU.Build.0 = Release|Any CPU
		{AE863F1B-7F80-4142-9B46-DE836E3B9467}.Debug|Any CPU.ActiveCfg = Debug|Any CPU
		{AE863F1B-7F80-4142-9B46-DE836E3B9467}.Debug|Any CPU.Build.0 = Debug|Any CPU
		{AE863F1B-7F80-4142-9B46-DE836E3B9467}.Release|Any CPU.ActiveCfg = Release|Any CPU
		{AE863F1B-7F80-4142-9B46-DE836E3B9467}.Release|Any CPU.Build.0 = Release|Any CPU
	EndGlobalSection
	GlobalSection(SolutionProperties) = preSolution
		HideSolutionNode = FALSE
	EndGlobalSection
	GlobalSection(ExtensibilityGlobals) = postSolution
		SolutionGuid = {3296BBFA-8BE0-4A31-BABA-F7335C84D056}
	EndGlobalSection
EndGlobal
